{
  "name": "@nghacks/quantity-input",
  "version": "1.0.1",
  "lockfileVersion": 1,
  "requires": true,
  "dependencies": {
    "@angular/common": {
      "version": "14.0.0",
      "resolved": "https://registry.npmjs.org/@angular/common/-/common-14.0.0.tgz",
      "integrity": "sha512-VYydSXelPlcAnWZs6SKkOxV+rNe8zOtHKLf9jBTYT5nP5P66+va4zITo1C9bs5tbK+mRssayf615+SIGEXyJFg==",
      "requires": {
        "tslib": "^2.3.0"
      }
    },
    "@angular/core": {
      "version": "14.0.0",
      "resolved": "https://registry.npmjs.org/@angular/core/-/core-14.0.0.tgz",
      "integrity": "sha512-Mj3r8iMlWfMbY+9DRUFZx1gKnA27Jwx3ff/VXeXBgfxaEKDYmlZSnliZSV6ssiHSUwn/U6yxDXFgcZL090zNBQ==",
      "requires": {
        "tslib": "^2.3.0"
      }
    },
    "@angular/forms": {
      "version": "14.0.0",
      "resolved": "https://registry.npmjs.org/@angular/forms/-/forms-14.0.0.tgz",
      "integrity": "sha512-r2FHcJve+/rXU4wdCA50nwySGKB5/bxqpULOGeWs4FIdKcUoTnzHtqMsd7sUa7wOA40O4fBHAxKPDGPJPl5CEA==",
      "requires": {
        "tslib": "^2.3.0"
      }
    },
    "@angular/material": {
      "version": "14.0.0",
      "resolved": "https://registry.npmjs.org/@angular/material/-/material-14.0.0.tgz",
      "integrity": "sha512-RNV1g7DbnlSI9rjsuqH+fO2e+IQCJEJmjBRGvx6dBYugiag4iR9ZnpHNued26UTJ+BPTemTA7a4cDzseKKB6NQ==",
      "requires": {
        "tslib": "^2.3.0"
      }
    },
    "rxjs": {
      "version": "7.5.5",
      "resolved": "https://registry.npmjs.org/rxjs/-/rxjs-7.5.5.tgz",
      "integrity": "sha512-sy+H0pQofO95VDmFLzyaw9xNJU4KTRSwQIGM6+iG3SypAtCiLDzpeG8sJrNCWn2Up9km+KhkvTdbkrdy+yzZdw==",
      "requires": {
        "tslib": "^2.1.0"
      }
    },
    "tslib": {
      "version": "2.4.0",
      "resolved": "https://registry.npmjs.org/tslib/-/tslib-2.4.0.tgz",
      "integrity": "sha512-d6xOpEDfsi2CZVlPQzGeux8XMwLT9hssAsaPYExaQMuYskwb+x1x7J371tWlbBdWHroy99KnVB6qIkUbs5X3UQ=="
    }
  }
}
